
Microsoft Visual Studio Solution File, Format Version 12.00
# Visual Studio 15
VisualStudioVersion = 15.0.28307.572
MinimumVisualStudioVersion = 10.0.40219.1
Project("{8BC9CEB8-8B4A-11D0-8D11-00A0C91BC942}") = "3D_rendering", "3D_rendering\3D_rendering.vcxproj", "{7D44D273-92DA-4329-A156-9C2C6C4902E1}"
EndProject
Global
	GlobalSection(SolutionConfigurationPlatforms) = preSolution
		Debug|x64 = Debug|x64
		Debug|x86 = Debug|x86
		Release|x64 = Release|x64
		Release|x86 = Release|x86
	EndGlobalSection
	GlobalSection(ProjectConfigurationPlatforms) = postSolution
		{7D44D273-92DA-4329-A156-9C2C6C4902E1}.Debug|x64.ActiveCfg = Debug|x64
		{7D44D273-92DA-4329-A156-9C2C6C4902E1}.Debug|x64.Build.0 = Debug|x64
		{7D44D273-92DA-4329-A156-9C2C6C4902E1}.Debug|x86.ActiveCfg = Debug|Win32
		{7D44D273-92DA-4329-A156-9C2C6C4902E1}.Debug|x86.Build.0 = Debug|Win32
		{7D44D273-92DA-4329-A156-9C2C6C4902E1}.Release|x64.ActiveCfg = Release|x64
		{7D44D273-92DA-4329-A156-9C2C6C4902E1}.Release|x64.Build.0 = Release|x64
		{7D44D273-92DA-4329-A156-9C2C6C4902E1}.Release|x86.ActiveCfg = Release|Win32
		{7D44D273-92DA-4329-A156-9C2C6C4902E1}.Release|x86.Build.0 = Release|Win32
	EndGlobalSection
	GlobalSection(SolutionProperties) = preSolution
		HideSolutionNode = FALSE
	EndGlobalSection
	GlobalSection(ExtensibilityGlobals) = postSolution
		SolutionGuid = {62F08280-4FF7-4C24-BFD6-7F3699BD2DC0}
	EndGlobalSection
EndGlobal
